// !$*UTF8*$!
{
	archiveVersion = 1;
	classes = {
	};
	objectVersion = 50;
	objects = {

/* Begin PBXBuildFile section */
		07191DC4222EEC5C0060CC77 /* BaseCell.swift in Sources */ = {isa = PBXBuildFile; fileRef = 07191DC3222EEC5C0060CC77 /* BaseCell.swift */; };
		07191DC6222EECF30060CC77 /* MenuCell.swift in Sources */ = {isa = PBXBuildFile; fileRef = 07191DC5222EECF30060CC77 /* MenuCell.swift */; };
		079E73DD222C891E00626A76 /* ApiService.swift in Sources */ = {isa = PBXBuildFile; fileRef = 079E73DC222C891E00626A76 /* ApiService.swift */; };
		079E73DF222C9B6400626A76 /* FeedCell.swift in Sources */ = {isa = PBXBuildFile; fileRef = 079E73DE222C9B6400626A76 /* FeedCell.swift */; };
		079E73E1222CA78700626A76 /* TrendingCell.swift in Sources */ = {isa = PBXBuildFile; fileRef = 079E73E0222CA78700626A76 /* TrendingCell.swift */; };
		079E73E3222CAC1200626A76 /* SubscriptionsCell.swift in Sources */ = {isa = PBXBuildFile; fileRef = 079E73E2222CAC1200626A76 /* SubscriptionsCell.swift */; };
		079E73E5222D9EFD00626A76 /* VideoLauncher.swift in Sources */ = {isa = PBXBuildFile; fileRef = 079E73E4222D9EFD00626A76 /* VideoLauncher.swift */; };
		07D058342233E4C300394801 /* AccountSettingsController.swift in Sources */ = {isa = PBXBuildFile; fileRef = 07D058332233E4C300394801 /* AccountSettingsController.swift */; };
		07D0584222342F8500394801 /* AppIconService.swift in Sources */ = {isa = PBXBuildFile; fileRef = 07D0584122342F8500394801 /* AppIconService.swift */; };
		07D058442234783200394801 /* TermsAndPrivacyController.swift in Sources */ = {isa = PBXBuildFile; fileRef = 07D058432234783200394801 /* TermsAndPrivacyController.swift */; };
		07D0584722348FF600394801 /* ytcDarkIcon@2x.png in Resources */ = {isa = PBXBuildFile; fileRef = 07D0584522348FF600394801 /* ytcDarkIcon@2x.png */; };
		07D0584822348FF600394801 /* ytcDarkIcon@3x.png in Resources */ = {isa = PBXBuildFile; fileRef = 07D0584622348FF600394801 /* ytcDarkIcon@3x.png */; };
		07D0584B2234900800394801 /* ytcLightIcon@2x.png in Resources */ = {isa = PBXBuildFile; fileRef = 07D058492234900800394801 /* ytcLightIcon@2x.png */; };
		07D0584C2234900800394801 /* ytcLightIcon@3x.png in Resources */ = {isa = PBXBuildFile; fileRef = 07D0584A2234900800394801 /* ytcLightIcon@3x.png */; };
		07E2BBF72221F9CC001DE7F7 /* Constants.swift in Sources */ = {isa = PBXBuildFile; fileRef = 07E2BBF62221F9CC001DE7F7 /* Constants.swift */; };
		07E81F69221B133100A0073E /* AppDelegate.swift in Sources */ = {isa = PBXBuildFile; fileRef = 07E81F68221B133100A0073E /* AppDelegate.swift */; };
		07E81F6B221B133100A0073E /* HomeController.swift in Sources */ = {isa = PBXBuildFile; fileRef = 07E81F6A221B133100A0073E /* HomeController.swift */; };
		07E81F6E221B133100A0073E /* Main.storyboard in Resources */ = {isa = PBXBuildFile; fileRef = 07E81F6C221B133100A0073E /* Main.storyboard */; };
		07E81F70221B133200A0073E /* Assets.xcassets in Resources */ = {isa = PBXBuildFile; fileRef = 07E81F6F221B133200A0073E /* Assets.xcassets */; };
		07E81F73221B133200A0073E /* LaunchScreen.storyboard in Resources */ = {isa = PBXBuildFile; fileRef = 07E81F71221B133200A0073E /* LaunchScreen.storyboard */; };
		07E81F7E221B133200A0073E /* YouTubeCloneTests.swift in Sources */ = {isa = PBXBuildFile; fileRef = 07E81F7D221B133200A0073E /* YouTubeCloneTests.swift */; };
		07E81F89221B133200A0073E /* YouTubeCloneUITests.swift in Sources */ = {isa = PBXBuildFile; fileRef = 07E81F88221B133200A0073E /* YouTubeCloneUITests.swift */; };
		07F0B9C7221FB68600AF1DCD /* SettingsCell.swift in Sources */ = {isa = PBXBuildFile; fileRef = 07F0B9C6221FB68600AF1DCD /* SettingsCell.swift */; };
		07FF4C86221DE05900F223EC /* Extensions.swift in Sources */ = {isa = PBXBuildFile; fileRef = 07FF4C85221DE05900F223EC /* Extensions.swift */; };
		07FF4C89221DE14000F223EC /* VideoCell.swift in Sources */ = {isa = PBXBuildFile; fileRef = 07FF4C88221DE14000F223EC /* VideoCell.swift */; };
		07FF4C8F221DF5FC00F223EC /* MenuBar.swift in Sources */ = {isa = PBXBuildFile; fileRef = 07FF4C8E221DF5FC00F223EC /* MenuBar.swift */; };
		07FF4C91221E25AC00F223EC /* Video.swift in Sources */ = {isa = PBXBuildFile; fileRef = 07FF4C90221E25AC00F223EC /* Video.swift */; };
		07FF4C94221F27F800F223EC /* SettingsLauncher.swift in Sources */ = {isa = PBXBuildFile; fileRef = 07FF4C93221F27F800F223EC /* SettingsLauncher.swift */; };
/* End PBXBuildFile section */

/* Begin PBXContainerItemProxy section */
		07E81F7A221B133200A0073E /* PBXContainerItemProxy */ = {
			isa = PBXContainerItemProxy;
			containerPortal = 07E81F5D221B133100A0073E /* Project object */;
			proxyType = 1;
			remoteGlobalIDString = 07E81F64221B133100A0073E;
			remoteInfo = YouTubeClone;
		};
		07E81F85221B133200A0073E /* PBXContainerItemProxy */ = {
			isa = PBXContainerItemProxy;
			containerPortal = 07E81F5D221B133100A0073E /* Project object */;
			proxyType = 1;
			remoteGlobalIDString = 07E81F64221B133100A0073E;
			remoteInfo = YouTubeClone;
		};
/* End PBXContainerItemProxy section */

/* Begin PBXFileReference section */
		07191DC3222EEC5C0060CC77 /* BaseCell.swift */ = {isa = PBXFileReference; lastKnownFileType = sourcecode.swift; path = BaseCell.swift; sourceTree = "<group>"; };
		07191DC5222EECF30060CC77 /* MenuCell.swift */ = {isa = PBXFileReference; lastKnownFileType = sourcecode.swift; path = MenuCell.swift; sourceTree = "<group>"; };
		079E73DC222C891E00626A76 /* ApiService.swift */ = {isa = PBXFileReference; lastKnownFileType = sourcecode.swift; path = ApiService.swift; sourceTree = "<group>"; };
		079E73DE222C9B6400626A76 /* FeedCell.swift */ = {isa = PBXFileReference; lastKnownFileType = sourcecode.swift; path = FeedCell.swift; sourceTree = "<group>"; };
		079E73E0222CA78700626A76 /* TrendingCell.swift */ = {isa = PBXFileReference; lastKnownFileType = sourcecode.swift; path = TrendingCell.swift; sourceTree = "<group>"; };
		079E73E2222CAC1200626A76 /* SubscriptionsCell.swift */ = {isa = PBXFileReference; lastKnownFileType = sourcecode.swift; path = SubscriptionsCell.swift; sourceTree = "<group>"; };
		079E73E4222D9EFD00626A76 /* VideoLauncher.swift */ = {isa = PBXFileReference; lastKnownFileType = sourcecode.swift; path = VideoLauncher.swift; sourceTree = "<group>"; };
		07D058332233E4C300394801 /* AccountSettingsController.swift */ = {isa = PBXFileReference; lastKnownFileType = sourcecode.swift; path = AccountSettingsController.swift; sourceTree = "<group>"; };
		07D0584122342F8500394801 /* AppIconService.swift */ = {isa = PBXFileReference; lastKnownFileType = sourcecode.swift; path = AppIconService.swift; sourceTree = "<group>"; };
		07D058432234783200394801 /* TermsAndPrivacyController.swift */ = {isa = PBXFileReference; lastKnownFileType = sourcecode.swift; path = TermsAndPrivacyController.swift; sourceTree = "<group>"; };
		07D0584522348FF600394801 /* ytcDarkIcon@2x.png */ = {isa = PBXFileReference; lastKnownFileType = image.png; path = "ytcDarkIcon@2x.png"; sourceTree = "<group>"; };
		07D0584622348FF600394801 /* ytcDarkIcon@3x.png */ = {isa = PBXFileReference; lastKnownFileType = image.png; path = "ytcDarkIcon@3x.png"; sourceTree = "<group>"; };
		07D058492234900800394801 /* ytcLightIcon@2x.png */ = {isa = PBXFileReference; lastKnownFileType = image.png; path = "ytcLightIcon@2x.png"; sourceTree = "<group>"; };
		07D0584A2234900800394801 /* ytcLightIcon@3x.png */ = {isa = PBXFileReference; lastKnownFileType = image.png; path = "ytcLightIcon@3x.png"; sourceTree = "<group>"; };
		07E2BBF62221F9CC001DE7F7 /* Constants.swift */ = {isa = PBXFileReference; lastKnownFileType = sourcecode.swift; path = Constants.swift; sourceTree = "<group>"; };
		07E81F65221B133100A0073E /* YouTubeClone.app */ = {isa = PBXFileReference; explicitFileType = wrapper.application; includeInIndex = 0; path = YouTubeClone.app; sourceTree = BUILT_PRODUCTS_DIR; };
		07E81F68221B133100A0073E /* AppDelegate.swift */ = {isa = PBXFileReference; lastKnownFileType = sourcecode.swift; path = AppDelegate.swift; sourceTree = "<group>"; };
		07E81F6A221B133100A0073E /* HomeController.swift */ = {isa = PBXFileReference; lastKnownFileType = sourcecode.swift; path = HomeController.swift; sourceTree = "<group>"; };
		07E81F6D221B133100A0073E /* Base */ = {isa = PBXFileReference; lastKnownFileType = file.storyboard; name = Base; path = Base.lproj/Main.storyboard; sourceTree = "<group>"; };
		07E81F6F221B133200A0073E /* Assets.xcassets */ = {isa = PBXFileReference; lastKnownFileType = folder.assetcatalog; path = Assets.xcassets; sourceTree = "<group>"; };
		07E81F72221B133200A0073E /* Base */ = {isa = PBXFileReference; lastKnownFileType = file.storyboard; name = Base; path = Base.lproj/LaunchScreen.storyboard; sourceTree = "<group>"; };
		07E81F74221B133200A0073E /* Info.plist */ = {isa = PBXFileReference; lastKnownFileType = text.plist.xml; path = Info.plist; sourceTree = "<group>"; };
		07E81F79221B133200A0073E /* YouTubeCloneTests.xctest */ = {isa = PBXFileReference; explicitFileType = wrapper.cfbundle; includeInIndex = 0; path = YouTubeCloneTests.xctest; sourceTree = BUILT_PRODUCTS_DIR; };
		07E81F7D221B133200A0073E /* YouTubeCloneTests.swift */ = {isa = PBXFileReference; lastKnownFileType = sourcecode.swift; path = YouTubeCloneTests.swift; sourceTree = "<group>"; };
		07E81F7F221B133200A0073E /* Info.plist */ = {isa = PBXFileReference; lastKnownFileType = text.plist.xml; path = Info.plist; sourceTree = "<group>"; };
		07E81F84221B133200A0073E /* YouTubeCloneUITests.xctest */ = {isa = PBXFileReference; explicitFileType = wrapper.cfbundle; includeInIndex = 0; path = YouTubeCloneUITests.xctest; sourceTree = BUILT_PRODUCTS_DIR; };
		07E81F88221B133200A0073E /* YouTubeCloneUITests.swift */ = {isa = PBXFileReference; lastKnownFileType = sourcecode.swift; path = YouTubeCloneUITests.swift; sourceTree = "<group>"; };
		07E81F8A221B133200A0073E /* Info.plist */ = {isa = PBXFileReference; lastKnownFileType = text.plist.xml; path = Info.plist; sourceTree = "<group>"; };
		07F0B9C6221FB68600AF1DCD /* SettingsCell.swift */ = {isa = PBXFileReference; lastKnownFileType = sourcecode.swift; path = SettingsCell.swift; sourceTree = "<group>"; };
		07FF4C85221DE05900F223EC /* Extensions.swift */ = {isa = PBXFileReference; lastKnownFileType = sourcecode.swift; path = Extensions.swift; sourceTree = "<group>"; };
		07FF4C88221DE14000F223EC /* VideoCell.swift */ = {isa = PBXFileReference; lastKnownFileType = sourcecode.swift; path = VideoCell.swift; sourceTree = "<group>"; };
		07FF4C8E221DF5FC00F223EC /* MenuBar.swift */ = {isa = PBXFileReference; lastKnownFileType = sourcecode.swift; path = MenuBar.swift; sourceTree = "<group>"; };
		07FF4C90221E25AC00F223EC /* Video.swift */ = {isa = PBXFileReference; lastKnownFileType = sourcecode.swift; path = Video.swift; sourceTree = "<group>"; };
		07FF4C93221F27F800F223EC /* SettingsLauncher.swift */ = {isa = PBXFileReference; lastKnownFileType = sourcecode.swift; path = SettingsLauncher.swift; sourceTree = "<group>"; };
/* End PBXFileReference section */

/* Begin PBXFrameworksBuildPhase section */
		07E81F62221B133100A0073E /* Frameworks */ = {
			isa = PBXFrameworksBuildPhase;
			buildActionMask = 2147483647;
			files = (
			);
			runOnlyForDeploymentPostprocessing = 0;
		};
		07E81F76221B133200A0073E /* Frameworks */ = {
			isa = PBXFrameworksBuildPhase;
			buildActionMask = 2147483647;
			files = (
			);
			runOnlyForDeploymentPostprocessing = 0;
		};
		07E81F81221B133200A0073E /* Frameworks */ = {
			isa = PBXFrameworksBuildPhase;
			buildActionMask = 2147483647;
			files = (
			);
			runOnlyForDeploymentPostprocessing = 0;
		};
/* End PBXFrameworksBuildPhase section */

/* Begin PBXGroup section */
		079E73DB222C88FD00626A76 /* ApiService */ = {
			isa = PBXGroup;
			children = (
				079E73DC222C891E00626A76 /* ApiService.swift */,
			);
			path = ApiService;
			sourceTree = "<group>";
		};
		07D058352233E68700394801 /* Alternate Icons */ = {
			isa = PBXGroup;
			children = (
				07D058362233E70F00394801 /* DarkAppIcon */,
				07D058372233E71F00394801 /* LightAppIcon */,
			);
			path = "Alternate Icons";
			sourceTree = "<group>";
		};
		07D058362233E70F00394801 /* DarkAppIcon */ = {
			isa = PBXGroup;
			children = (
				07D0584522348FF600394801 /* ytcDarkIcon@2x.png */,
				07D0584622348FF600394801 /* ytcDarkIcon@3x.png */,
			);
			path = DarkAppIcon;
			sourceTree = "<group>";
		};
		07D058372233E71F00394801 /* LightAppIcon */ = {
			isa = PBXGroup;
			children = (
				07D058492234900800394801 /* ytcLightIcon@2x.png */,
				07D0584A2234900800394801 /* ytcLightIcon@3x.png */,
			);
			path = LightAppIcon;
			sourceTree = "<group>";
		};
		07E81F5C221B133100A0073E = {
			isa = PBXGroup;
			children = (
				07E81F67221B133100A0073E /* YouTubeClone */,
				07E81F7C221B133200A0073E /* YouTubeCloneTests */,
				07E81F87221B133200A0073E /* YouTubeCloneUITests */,
				07E81F66221B133100A0073E /* Products */,
			);
			sourceTree = "<group>";
		};
		07E81F66221B133100A0073E /* Products */ = {
			isa = PBXGroup;
			children = (
				07E81F65221B133100A0073E /* YouTubeClone.app */,
				07E81F79221B133200A0073E /* YouTubeCloneTests.xctest */,
				07E81F84221B133200A0073E /* YouTubeCloneUITests.xctest */,
			);
			name = Products;
			sourceTree = "<group>";
		};
		07E81F67221B133100A0073E /* YouTubeClone */ = {
			isa = PBXGroup;
			children = (
				07D058352233E68700394801 /* Alternate Icons */,
				079E73DB222C88FD00626A76 /* ApiService */,
				07FF4C8B221DE1F300F223EC /* Model */,
				07FF4C87221DE11800F223EC /* View */,
				07FF4C8A221DE1DB00F223EC /* Controller */,
				07FF4C92221ED66B00F223EC /* Helpers */,
				07FF4C8C221DE3A600F223EC /* Supporting Files */,
				07FF4C8D221DE45700F223EC /* Storyboards */,
			);
			path = YouTubeClone;
			sourceTree = "<group>";
		};
		07E81F7C221B133200A0073E /* YouTubeCloneTests */ = {
			isa = PBXGroup;
			children = (
				07E81F7D221B133200A0073E /* YouTubeCloneTests.swift */,
				07E81F7F221B133200A0073E /* Info.plist */,
			);
			path = YouTubeCloneTests;
			sourceTree = "<group>";
		};
		07E81F87221B133200A0073E /* YouTubeCloneUITests */ = {
			isa = PBXGroup;
			children = (
				07E81F88221B133200A0073E /* YouTubeCloneUITests.swift */,
				07E81F8A221B133200A0073E /* Info.plist */,
			);
			path = YouTubeCloneUITests;
			sourceTree = "<group>";
		};
		07FF4C87221DE11800F223EC /* View */ = {
			isa = PBXGroup;
			children = (
				07191DC3222EEC5C0060CC77 /* BaseCell.swift */,
				07FF4C88221DE14000F223EC /* VideoCell.swift */,
				07191DC5222EECF30060CC77 /* MenuCell.swift */,
				07F0B9C6221FB68600AF1DCD /* SettingsCell.swift */,
				079E73E0222CA78700626A76 /* TrendingCell.swift */,
				079E73E2222CAC1200626A76 /* SubscriptionsCell.swift */,
				079E73DE222C9B6400626A76 /* FeedCell.swift */,
				07FF4C8E221DF5FC00F223EC /* MenuBar.swift */,
			);
			path = View;
			sourceTree = "<group>";
		};
		07FF4C8A221DE1DB00F223EC /* Controller */ = {
			isa = PBXGroup;
			children = (
				07E81F6A221B133100A0073E /* HomeController.swift */,
				07FF4C93221F27F800F223EC /* SettingsLauncher.swift */,
				079E73E4222D9EFD00626A76 /* VideoLauncher.swift */,
				07D0584122342F8500394801 /* AppIconService.swift */,
				07D058332233E4C300394801 /* AccountSettingsController.swift */,
				07D058432234783200394801 /* TermsAndPrivacyController.swift */,
			);
			path = Controller;
			sourceTree = "<group>";
		};
		07FF4C8B221DE1F300F223EC /* Model */ = {
			isa = PBXGroup;
			children = (
				07FF4C90221E25AC00F223EC /* Video.swift */,
			);
			path = Model;
			sourceTree = "<group>";
		};
		07FF4C8C221DE3A600F223EC /* Supporting Files */ = {
			isa = PBXGroup;
			children = (
				07E81F68221B133100A0073E /* AppDelegate.swift */,
				07E81F6F221B133200A0073E /* Assets.xcassets */,
				07E81F74221B133200A0073E /* Info.plist */,
			);
			path = "Supporting Files";
			sourceTree = "<group>";
		};
		07FF4C8D221DE45700F223EC /* Storyboards */ = {
			isa = PBXGroup;
			children = (
				07E81F71221B133200A0073E /* LaunchScreen.storyboard */,
				07E81F6C221B133100A0073E /* Main.storyboard */,
			);
			path = Storyboards;
			sourceTree = "<group>";
		};
		07FF4C92221ED66B00F223EC /* Helpers */ = {
			isa = PBXGroup;
			children = (
				07FF4C85221DE05900F223EC /* Extensions.swift */,
				07E2BBF62221F9CC001DE7F7 /* Constants.swift */,
			);
			path = Helpers;
			sourceTree = "<group>";
		};
/* End PBXGroup section */

/* Begin PBXNativeTarget section */
		07E81F64221B133100A0073E /* YouTubeClone */ = {
			isa = PBXNativeTarget;
			buildConfigurationList = 07E81F8D221B133200A0073E /* Build configuration list for PBXNativeTarget "YouTubeClone" */;
			buildPhases = (
				07E81F61221B133100A0073E /* Sources */,
				07E81F62221B133100A0073E /* Frameworks */,
				07E81F63221B133100A0073E /* Resources */,
			);
			buildRules = (
			);
			dependencies = (
			);
			name = YouTubeClone;
			productName = YouTubeClone;
			productReference = 07E81F65221B133100A0073E /* YouTubeClone.app */;
			productType = "com.apple.product-type.application";
		};
		07E81F78221B133200A0073E /* YouTubeCloneTests */ = {
			isa = PBXNativeTarget;
			buildConfigurationList = 07E81F90221B133200A0073E /* Build configuration list for PBXNativeTarget "YouTubeCloneTests" */;
			buildPhases = (
				07E81F75221B133200A0073E /* Sources */,
				07E81F76221B133200A0073E /* Frameworks */,
				07E81F77221B133200A0073E /* Resources */,
			);
			buildRules = (
			);
			dependencies = (
				07E81F7B221B133200A0073E /* PBXTargetDependency */,
			);
			name = YouTubeCloneTests;
			productName = YouTubeCloneTests;
			productReference = 07E81F79221B133200A0073E /* YouTubeCloneTests.xctest */;
			productType = "com.apple.product-type.bundle.unit-test";
		};
		07E81F83221B133200A0073E /* YouTubeCloneUITests */ = {
			isa = PBXNativeTarget;
			buildConfigurationList = 07E81F93221B133200A0073E /* Build configuration list for PBXNativeTarget "YouTubeCloneUITests" */;
			buildPhases = (
				07E81F80221B133200A0073E /* Sources */,
				07E81F81221B133200A0073E /* Frameworks */,
				07E81F82221B133200A0073E /* Resources */,
			);
			buildRules = (
			);
			dependencies = (
				07E81F86221B133200A0073E /* PBXTargetDependency */,
			);
			name = YouTubeCloneUITests;
			productName = YouTubeCloneUITests;
			productReference = 07E81F84221B133200A0073E /* YouTubeCloneUITests.xctest */;
			productType = "com.apple.product-type.bundle.ui-testing";
		};
/* End PBXNativeTarget section */

/* Begin PBXProject section */
		07E81F5D221B133100A0073E /* Project object */ = {
			isa = PBXProject;
			attributes = {
				LastSwiftUpdateCheck = 1010;
				LastUpgradeCheck = 1010;
				ORGANIZATIONNAME = "Florentin Lupascu";
				TargetAttributes = {
					07E81F64221B133100A0073E = {
						CreatedOnToolsVersion = 10.1;
						LastSwiftMigration = 1020;
					};
					07E81F78221B133200A0073E = {
						CreatedOnToolsVersion = 10.1;
						LastSwiftMigration = 1020;
						TestTargetID = 07E81F64221B133100A0073E;
					};
					07E81F83221B133200A0073E = {
						CreatedOnToolsVersion = 10.1;
						LastSwiftMigration = 1020;
						TestTargetID = 07E81F64221B133100A0073E;
					};
				};
			};
			buildConfigurationList = 07E81F60221B133100A0073E /* Build configuration list for PBXProject "YouTubeClone" */;
			compatibilityVersion = "Xcode 9.3";
			developmentRegion = en;
			hasScannedForEncodings = 0;
			knownRegions = (
				en,
				Base,
			);
			mainGroup = 07E81F5C221B133100A0073E;
			productRefGroup = 07E81F66221B133100A0073E /* Products */;
			projectDirPath = "";
			projectRoot = "";
			targets = (
				07E81F64221B133100A0073E /* YouTubeClone */,
				07E81F78221B133200A0073E /* YouTubeCloneTests */,
				07E81F83221B133200A0073E /* YouTubeCloneUITests */,
			);
		};
/* End PBXProject section */

/* Begin PBXResourcesBuildPhase section */
		07E81F63221B133100A0073E /* Resources */ = {
			isa = PBXResourcesBuildPhase;
			buildActionMask = 2147483647;
			files = (
				07D0584B2234900800394801 /* ytcLightIcon@2x.png in Resources */,
				07E81F73221B133200A0073E /* LaunchScreen.storyboard in Resources */,
				07D0584C2234900800394801 /* ytcLightIcon@3x.png in Resources */,
				07E81F70221B133200A0073E /* Assets.xcassets in Resources */,
				07D0584822348FF600394801 /* ytcDarkIcon@3x.png in Resources */,
				07D0584722348FF600394801 /* ytcDarkIcon@2x.png in Resources */,
				07E81F6E221B133100A0073E /* Main.storyboard in Resources */,
			);
			runOnlyForDeploymentPostprocessing = 0;
		};
		07E81F77221B133200A0073E /* Resources */ = {
			isa = PBXResourcesBuildPhase;
			buildActionMask = 2147483647;
			files = (
			);
			runOnlyForDeploymentPostprocessing = 0;
		};
		07E81F82221B133200A0073E /* Resources */ = {
			isa = PBXResourcesBuildPhase;
			buildActionMask = 2147483647;
			files = (
			);
			runOnlyForDeploymentPostprocessing = 0;
		};
/* End PBXResourcesBuildPhase section */

/* Begin PBXSourcesBuildPhase section */
		07E81F61221B133100A0073E /* Sources */ = {
			isa = PBXSourcesBuildPhase;
			buildActionMask = 2147483647;
			files = (
				07D058342233E4C300394801 /* AccountSettingsController.swift in Sources */,
				079E73E3222CAC1200626A76 /* SubscriptionsCell.swift in Sources */,
				07E81F6B221B133100A0073E /* HomeController.swift in Sources */,
				07FF4C91221E25AC00F223EC /* Video.swift in Sources */,
				079E73E5222D9EFD00626A76 /* VideoLauncher.swift in Sources */,
				07FF4C89221DE14000F223EC /* VideoCell.swift in Sources */,
				07FF4C94221F27F800F223EC /* SettingsLauncher.swift in Sources */,
				079E73DF222C9B6400626A76 /* FeedCell.swift in Sources */,
				07FF4C86221DE05900F223EC /* Extensions.swift in Sources */,
				07E81F69221B133100A0073E /* AppDelegate.swift in Sources */,
				079E73DD222C891E00626A76 /* ApiService.swift in Sources */,
				079E73E1222CA78700626A76 /* TrendingCell.swift in Sources */,
				07F0B9C7221FB68600AF1DCD /* SettingsCell.swift in Sources */,
				07D058442234783200394801 /* TermsAndPrivacyController.swift in Sources */,
				07FF4C8F221DF5FC00F223EC /* MenuBar.swift in Sources */,
				07D0584222342F8500394801 /* AppIconService.swift in Sources */,
				07191DC4222EEC5C0060CC77 /* BaseCell.swift in Sources */,
				07191DC6222EECF30060CC77 /* MenuCell.swift in Sources */,
				07E2BBF72221F9CC001DE7F7 /* Constants.swift in Sources */,
			);
			runOnlyForDeploymentPostprocessing = 0;
		};
		07E81F75221B133200A0073E /* Sources */ = {
			isa = PBXSourcesBuildPhase;
			buildActionMask = 2147483647;
			files = (
				07E81F7E221B133200A0073E /* YouTubeCloneTests.swift in Sources */,
			);
			runOnlyForDeploymentPostprocessing = 0;
		};
		07E81F80221B133200A0073E /* Sources */ = {
			isa = PBXSourcesBuildPhase;
			buildActionMask = 2147483647;
			files = (
				07E81F89221B133200A0073E /* YouTubeCloneUITests.swift in Sources */,
			);
			runOnlyForDeploymentPostprocessing = 0;
		};
/* End PBXSourcesBuildPhase section */

/* Begin PBXTargetDependency section */
		07E81F7B221B133200A0073E /* PBXTargetDependency */ = {
			isa = PBXTargetDependency;
			target = 07E81F64221B133100A0073E /* YouTubeClone */;
			targetProxy = 07E81F7A221B133200A0073E /* PBXContainerItemProxy */;
		};
		07E81F86221B133200A0073E /* PBXTargetDependency */ = {
			isa = PBXTargetDependency;
			target = 07E81F64221B133100A0073E /* YouTubeClone */;
			targetProxy = 07E81F85221B133200A0073E /* PBXContainerItemProxy */;
		};
/* End PBXTargetDependency section */

/* Begin PBXVariantGroup section */
		07E81F6C221B133100A0073E /* Main.storyboard */ = {
			isa = PBXVariantGroup;
			children = (
				07E81F6D221B133100A0073E /* Base */,
			);
			name = Main.storyboard;
			sourceTree = "<group>";
		};
		07E81F71221B133200A0073E /* LaunchScreen.storyboard */ = {
			isa = PBXVariantGroup;
			children = (
				07E81F72221B133200A0073E /* Base */,
			);
			name = LaunchScreen.storyboard;
			sourceTree = "<group>";
		};
/* End PBXVariantGroup section */

/* Begin XCBuildConfiguration section */
		07E81F8B221B133200A0073E /* Debug */ = {
			isa = XCBuildConfiguration;
			buildSettings = {
				ALWAYS_SEARCH_USER_PATHS = NO;
				CLANG_ANALYZER_NONNULL = YES;
				CLANG_ANALYZER_NUMBER_OBJECT_CONVERSION = YES_AGGRESSIVE;
				CLANG_CXX_LANGUAGE_STANDARD = "gnu++14";
				CLANG_CXX_LIBRARY = "libc++";
				CLANG_ENABLE_MODULES = YES;
				CLANG_ENABLE_OBJC_ARC = YES;
				CLANG_ENABLE_OBJC_WEAK = YES;
				CLANG_WARN_BLOCK_CAPTURE_AUTORELEASING = YES;
				CLANG_WARN_BOOL_CONVERSION = YES;
				CLANG_WARN_COMMA = YES;
				CLANG_WARN_CONSTANT_CONVERSION = YES;
				CLANG_WARN_DEPRECATED_OBJC_IMPLEMENTATIONS = YES;
				CLANG_WARN_DIRECT_OBJC_ISA_USAGE = YES_ERROR;
				CLANG_WARN_DOCUMENTATION_COMMENTS = YES;
				CLANG_WARN_EMPTY_BODY = YES;
				CLANG_WARN_ENUM_CONVERSION = YES;
				CLANG_WARN_INFINITE_RECURSION = YES;
				CLANG_WARN_INT_CONVERSION = YES;
				CLANG_WARN_NON_LITERAL_NULL_CONVERSION = YES;
				CLANG_WARN_OBJC_IMPLICIT_RETAIN_SELF = YES;
				CLANG_WARN_OBJC_LITERAL_CONVERSION = YES;
				CLANG_WARN_OBJC_ROOT_CLASS = YES_ERROR;
				CLANG_WARN_RANGE_LOOP_ANALYSIS = YES;
				CLANG_WARN_STRICT_PROTOTYPES = YES;
				CLANG_WARN_SUSPICIOUS_MOVE = YES;
				CLANG_WARN_UNGUARDED_AVAILABILITY = YES_AGGRESSIVE;
				CLANG_WARN_UNREACHABLE_CODE = YES;
				CLANG_WARN__DUPLICATE_METHOD_MATCH = YES;
				CODE_SIGN_IDENTITY = "iPhone Developer";
				COPY_PHASE_STRIP = NO;
				DEBUG_INFORMATION_FORMAT = dwarf;
				ENABLE_STRICT_OBJC_MSGSEND = YES;
				ENABLE_TESTABILITY = YES;
				GCC_C_LANGUAGE_STANDARD = gnu11;
				GCC_DYNAMIC_NO_PIC = NO;
				GCC_NO_COMMON_BLOCKS = YES;
				GCC_OPTIMIZATION_LEVEL = 0;
				GCC_PREPROCESSOR_DEFINITIONS = (
					"DEBUG=1",
					"$(inherited)",
				);
				GCC_WARN_64_TO_32_BIT_CONVERSION = YES;
				GCC_WARN_ABOUT_RETURN_TYPE = YES_ERROR;
				GCC_WARN_UNDECLARED_SELECTOR = YES;
				GCC_WARN_UNINITIALIZED_AUTOS = YES_AGGRESSIVE;
				GCC_WARN_UNUSED_FUNCTION = YES;
				GCC_WARN_UNUSED_VARIABLE = YES;
				IPHONEOS_DEPLOYMENT_TARGET = 12.1;
				MTL_ENABLE_DEBUG_INFO = INCLUDE_SOURCE;
				MTL_FAST_MATH = YES;
				ONLY_ACTIVE_ARCH = YES;
				SDKROOT = iphoneos;
				SWIFT_ACTIVE_COMPILATION_CONDITIONS = DEBUG;
				SWIFT_OPTIMIZATION_LEVEL = "-Onone";
			};
			name = Debug;
		};
		07E81F8C221B133200A0073E /* Release */ = {
			isa = XCBuildConfiguration;
			buildSettings = {
				ALWAYS_SEARCH_USER_PATHS = NO;
				CLANG_ANALYZER_NONNULL = YES;
				CLANG_ANALYZER_NUMBER_OBJECT_CONVERSION = YES_AGGRESSIVE;
				CLANG_CXX_LANGUAGE_STANDARD = "gnu++14";
				CLANG_CXX_LIBRARY = "libc++";
				CLANG_ENABLE_MODULES = YES;
				CLANG_ENABLE_OBJC_ARC = YES;
				CLANG_ENABLE_OBJC_WEAK = YES;
				CLANG_WARN_BLOCK_CAPTURE_AUTORELEASING = YES;
				CLANG_WARN_BOOL_CONVERSION = YES;
				CLANG_WARN_COMMA = YES;
				CLANG_WARN_CONSTANT_CONVERSION = YES;
				CLANG_WARN_DEPRECATED_OBJC_IMPLEMENTATIONS = YES;
				CLANG_WARN_DIRECT_OBJC_ISA_USAGE = YES_ERROR;
				CLANG_WARN_DOCUMENTATION_COMMENTS = YES;
				CLANG_WARN_EMPTY_BODY = YES;
				CLANG_WARN_ENUM_CONVERSION = YES;
				CLANG_WARN_INFINITE_RECURSION = YES;
				CLANG_WARN_INT_CONVERSION = YES;
				CLANG_WARN_NON_LITERAL_NULL_CONVERSION = YES;
				CLANG_WARN_OBJC_IMPLICIT_RETAIN_SELF = YES;
				CLANG_WARN_OBJC_LITERAL_CONVERSION = YES;
				CLANG_WARN_OBJC_ROOT_CLASS = YES_ERROR;
				CLANG_WARN_RANGE_LOOP_ANALYSIS = YES;
				CLANG_WARN_STRICT_PROTOTYPES = YES;
				CLANG_WARN_SUSPICIOUS_MOVE = YES;
				CLANG_WARN_UNGUARDED_AVAILABILITY = YES_AGGRESSIVE;
				CLANG_WARN_UNREACHABLE_CODE = YES;
				CLANG_WARN__DUPLICATE_METHOD_MATCH = YES;
				CODE_SIGN_IDENTITY = "iPhone Developer";
				COPY_PHASE_STRIP = NO;
				DEBUG_INFORMATION_FORMAT = "dwarf-with-dsym";
				ENABLE_NS_ASSERTIONS = NO;
				ENABLE_STRICT_OBJC_MSGSEND = YES;
				GCC_C_LANGUAGE_STANDARD = gnu11;
				GCC_NO_COMMON_BLOCKS = YES;
				GCC_WARN_64_TO_32_BIT_CONVERSION = YES;
				GCC_WARN_ABOUT_RETURN_TYPE = YES_ERROR;
				GCC_WARN_UNDECLARED_SELECTOR = YES;
				GCC_WARN_UNINITIALIZED_AUTOS = YES_AGGRESSIVE;
				GCC_WARN_UNUSED_FUNCTION = YES;
				GCC_WARN_UNUSED_VARIABLE = YES;
				IPHONEOS_DEPLOYMENT_TARGET = 12.1;
				MTL_ENABLE_DEBUG_INFO = NO;
				MTL_FAST_MATH = YES;
				SDKROOT = iphoneos;
				SWIFT_COMPILATION_MODE = wholemodule;
				SWIFT_OPTIMIZATION_LEVEL = "-O";
				VALIDATE_PRODUCT = YES;
			};
			name = Release;
		};
		07E81F8E221B133200A0073E /* Debug */ = {
			isa = XCBuildConfiguration;
			buildSettings = {
				ASSETCATALOG_COMPILER_APPICON_NAME = AppIcon;
				CODE_SIGN_STYLE = Automatic;
				DEVELOPMENT_TEAM = Q5YJ9F2VSX;
				INFOPLIST_FILE = "YouTubeClone/Supporting Files/Info.plist";
				IPHONEOS_DEPLOYMENT_TARGET = 12.0;
				LD_RUNPATH_SEARCH_PATHS = (
					"$(inherited)",
					"@executable_path/Frameworks",
				);
				PRODUCT_BUNDLE_IDENTIFIER = com.florentin.YouTubeClone;
				PRODUCT_NAME = "$(TARGET_NAME)";
				SWIFT_VERSION = 4.2;
				TARGETED_DEVICE_FAMILY = "1,2";
			};
			name = Debug;
		};
		07E81F8F221B133200A0073E /* Release */ = {
			isa = XCBuildConfiguration;
			buildSettings = {
				ASSETCATALOG_COMPILER_APPICON_NAME = AppIcon;
				CODE_SIGN_STYLE = Automatic;
				DEVELOPMENT_TEAM = Q5YJ9F2VSX;
				INFOPLIST_FILE = "YouTubeClone/Supporting Files/Info.plist";
				IPHONEOS_DEPLOYMENT_TARGET = 12.0;
				LD_RUNPATH_SEARCH_PATHS = (
					"$(inherited)",
					"@executable_path/Frameworks",
				);
				PRODUCT_BUNDLE_IDENTIFIER = com.florentin.YouTubeClone;
				PRODUCT_NAME = "$(TARGET_NAME)";
				SWIFT_VERSION = 4.2;
				TARGETED_DEVICE_FAMILY = "1,2";
			};
			name = Release;
		};
		07E81F91221B133200A0073E /* Debug */ = {
			isa = XCBuildConfiguration;
			buildSettings = {
				ALWAYS_EMBED_SWIFT_STANDARD_LIBRARIES = YES;
				BUNDLE_LOADER = "$(TEST_HOST)";
				CODE_SIGN_STYLE = Automatic;
				DEVELOPMENT_TEAM = Q5YJ9F2VSX;
				INFOPLIST_FILE = YouTubeCloneTests/Info.plist;
				LD_RUNPATH_SEARCH_PATHS = (
					"$(inherited)",
					"@executable_path/Frameworks",
					"@loader_path/Frameworks",
				);
				PRODUCT_BUNDLE_IDENTIFIER = com.florentin.YouTubeCloneTests;
				PRODUCT_NAME = "$(TARGET_NAME)";
				SWIFT_VERSION = 5.0;
				TARGETED_DEVICE_FAMILY = "1,2";
				TEST_HOST = "$(BUILT_PRODUCTS_DIR)/YouTubeClone.app/YouTubeClone";
			};
			name = Debug;
		};
		07E81F92221B133200A0073E /* Release */ = {
			isa = XCBuildConfiguration;
			buildSettings = {
				ALWAYS_EMBED_SWIFT_STANDARD_LIBRARIES = YES;
				BUNDLE_LOADER = "$(TEST_HOST)";
				CODE_SIGN_STYLE = Automatic;
				DEVELOPMENT_TEAM = Q5YJ9F2VSX;
				INFOPLIST_FILE = YouTubeCloneTests/Info.plist;
				LD_RUNPATH_SEARCH_PATHS = (
					"$(inherited)",
					"@executable_path/Frameworks",
					"@loader_path/Frameworks",
				);
				PRODUCT_BUNDLE_IDENTIFIER = com.florentin.YouTubeCloneTests;
				PRODUCT_NAME = "$(TARGET_NAME)";
				SWIFT_VERSION = 5.0;
				TARGETED_DEVICE_FAMILY = "1,2";
				TEST_HOST = "$(BUILT_PRODUCTS_DIR)/YouTubeClone.app/YouTubeClone";
			};
			name = Release;
		};
		07E81F94221B133200A0073E /* Debug */ = {
			isa = XCBuildConfiguration;
			buildSettings = {
				ALWAYS_EMBED_SWIFT_STANDARD_LIBRARIES = YES;
				CODE_SIGN_STYLE = Automatic;
				DEVELOPMENT_TEAM = Q5YJ9F2VSX;
				INFOPLIST_FILE = YouTubeCloneUITests/Info.plist;
				LD_RUNPATH_SEARCH_PATHS = (
					"$(inherited)",
					"@executable_path/Frameworks",
					"@loader_path/Frameworks",
				);
				PRODUCT_BUNDLE_IDENTIFIER = com.florentin.YouTubeCloneUITests;
				PRODUCT_NAME = "$(TARGET_NAME)";
				SWIFT_VERSION = 5.0;
				TARGETED_DEVICE_FAMILY = "1,2";
				TEST_TARGET_NAME = YouTubeClone;
			};
			name = Debug;
		};
		07E81F95221B133200A0073E /* Release */ = {
			isa = XCBuildConfiguration;
			buildSettings = {
				ALWAYS_EMBED_SWIFT_STANDARD_LIBRARIES = YES;
				CODE_SIGN_STYLE = Automatic;
				DEVELOPMENT_TEAM = Q5YJ9F2VSX;
				INFOPLIST_FILE = YouTubeCloneUITests/Info.plist;
				LD_RUNPATH_SEARCH_PATHS = (
					"$(inherited)",
					"@executable_path/Frameworks",
					"@loader_path/Frameworks",
				);
				PRODUCT_BUNDLE_IDENTIFIER = com.florentin.YouTubeCloneUITests;
				PRODUCT_NAME = "$(TARGET_NAME)";
				SWIFT_VERSION = 5.0;
				TARGETED_DEVICE_FAMILY = "1,2";
				TEST_TARGET_NAME = YouTubeClone;
			};
			name = Release;
		};
/* End XCBuildConfiguration section */

/* Begin XCConfigurationList section */
		07E81F60221B133100A0073E /* Build configuration list for PBXProject "YouTubeClone" */ = {
			isa = XCConfigurationList;
			buildConfigurations = (
				07E81F8B221B133200A0073E /* Debug */,
				07E81F8C221B133200A0073E /* Release */,
			);
			defaultConfigurationIsVisible = 0;
			defaultConfigurationName = Release;
		};
		07E81F8D221B133200A0073E /* Build configuration list for PBXNativeTarget "YouTubeClone" */ = {
			isa = XCConfigurationList;
			buildConfigurations = (
				07E81F8E221B133200A0073E /* Debug */,
				07E81F8F221B133200A0073E /* Release */,
			);
			defaultConfigurationIsVisible = 0;
			defaultConfigurationName = Release;
		};
		07E81F90221B133200A0073E /* Build configuration list for PBXNativeTarget "YouTubeCloneTests" */ = {
			isa = XCConfigurationList;
			buildConfigurations = (
				07E81F91221B133200A0073E /* Debug */,
				07E81F92221B133200A0073E /* Release */,
			);
			defaultConfigurationIsVisible = 0;
			defaultConfigurationName = Release;
		};
		07E81F93221B133200A0073E /* Build configuration list for PBXNativeTarget "YouTubeCloneUITests" */ = {
			isa = XCConfigurationList;
			buildConfigurations = (
				07E81F94221B133200A0073E /* Debug */,
				07E81F95221B133200A0073E /* Release */,
			);
			defaultConfigurationIsVisible = 0;
			defaultConfigurationName = Release;
		};
/* End XCConfigurationList section */
	};
	rootObject = 07E81F5D221B133100A0073E /* Project object */;
}
